
Microsoft Visual Studio Solution File, Format Version 12.00
# Visual Studio Version 17
VisualStudioVersion = 17.6.33723.286
MinimumVisualStudioVersion = 10.0.40219.1
Project("{FAE04EC0-301F-11D3-BF4B-00C04F79EFBC}") = "console_test", "console_test.csproj", "{BE748492-94EE-478A-9A77-26759CF3FC9D}"
EndProject
Global
	GlobalSection(SolutionConfigurationPlatforms) = preSolution
		Debug|Any CPU = Debug|Any CPU
		Release|Any CPU = Release|Any CPU
	EndGlobalSection
	GlobalSection(ProjectConfigurationPlatforms) = postSolution
		{BE748492-94EE-478A-9A77-26759CF3FC9D}.Debug|Any CPU.ActiveCfg = Debug|Any CPU
		{BE748492-94EE-478A-9A77-26759CF3FC9D}.Debug|Any CPU.Build.0 = Debug|Any CPU
		{BE748492-94EE-478A-9A77-26759CF3FC9D}.Release|Any CPU.ActiveCfg = Release|Any CPU
		{BE748492-94EE-478A-9A77-26759CF3FC9D}.Release|Any CPU.Build.0 = Release|Any CPU
	EndGlobalSection
	GlobalSection(SolutionProperties) = preSolution
		HideSolutionNode = FALSE
	EndGlobalSection
	GlobalSection(ExtensibilityGlobals) = postSolution
		SolutionGuid = {CEB36F92-B169-420C-B86C-BA071A82627F}
	EndGlobalSection
EndGlobal
